lockfileVersion: '9.0'

settings:
  autoInstallPeers: true
  excludeLinksFromLockfile: false

importers:

  .:
    dependencies:
      bun:
        specifier: ^1.1.20
        version: 1.1.20
      chalk:
        specifier: ^5.3.0
        version: 5.3.0
    devDependencies:
      '@types/node':
        specifier: ^20.14.11
        version: 20.14.11

packages:

  '@oven/bun-darwin-aarch64@1.1.20':
    resolution: {integrity: sha512-9dZuhfkol/fgG9+ZcDfDFKamp6npraPQghutE5IJM8Y3w4+y5USvw+NbANuKLSLFOH06oXMT/necZ9HT0rzTlg==}
    cpu: [arm64]
    os: [darwin]

  '@oven/bun-darwin-x64-baseline@1.1.20':
    resolution: {integrity: sha512-9H0nNs0clDXtIAntN0u4++zsspCabLe2PIXfcPamw4D5qBZEVve0jd3+6pg6mTm3z2aGkUAlPtonPvlzNeWiQg==}
    cpu: [x64]
    os: [darwin]

  '@oven/bun-darwin-x64@1.1.20':
    resolution: {integrity: sha512-6IfCEMt6/exOyiAik3dbFAcP0BxDquGSq4CH9iVvd7kAI1/5X0O/iRKuFNyT9HJb16jSLISh05nZGW6KBUKXuA==}
    cpu: [x64]
    os: [darwin]

  '@oven/bun-linux-aarch64@1.1.20':
    resolution: {integrity: sha512-xR2Wf9VqFZ2IiRBv9pvQ8z/DihfIA64bGbMkLkrAhZJACk+HBJ8eLjEGI4hvr9SM9br4Jtfjlm6CmNlkpqbk3Q==}
    cpu: [arm64]
    os: [linux]

  '@oven/bun-linux-x64-baseline@1.1.20':
    resolution: {integrity: sha512-H1PIzW+Dv6VNNH/yS6we7YD2Hvig3s6zLYnEt+mQok+wJKtjzpjQT1qZly/r6mhkZqHIcM3mRAwXcxgXF7yv7Q==}
    cpu: [x64]
    os: [linux]

  '@oven/bun-linux-x64@1.1.20':
    resolution: {integrity: sha512-8TWvnsWWWX9pZoYZ1GwZX3UwkfsnZYzicxwUdZVf/S0sNM6FBWkC9YqidxUsPva4DLKIi4oON8Ra5DpDwRZWSw==}
    cpu: [x64]
    os: [linux]

  '@oven/bun-windows-x64-baseline@1.1.20':
    resolution: {integrity: sha512-yFm6jhL7SPfPz7sOukUeiAGmX7/S+6yj3cY8NxGGvBaZZLqNSw+vitAFg/ssV8v8oDAG7b1SqP5KzEZt3EUvKg==}
    cpu: [x64]
    os: [win32]

  '@oven/bun-windows-x64@1.1.20':
    resolution: {integrity: sha512-1Njpp2LUq6mEyDdk3IBge7ew/+maqX/Q7ltalX7JT2Gxh693c0KuL7pzrExbkBweqSL1nMec0Crw+GkVd3bFxA==}
    cpu: [x64]
    os: [win32]

  '@types/node@20.14.11':
    resolution: {integrity: sha512-kprQpL8MMeszbz6ojB5/tU8PLN4kesnN8Gjzw349rDlNgsSzg90lAVj3llK99Dh7JON+t9AuscPPFW6mPbTnSA==}

  bun@1.1.20:
    resolution: {integrity: sha512-aqLmvaz0/vLUiCrOXtAsf7pCSOS/qXieYDsq8COa3+fIgMK05CjZt9m9r7DC+tjKy7hH8uKSNTapQOr/kX8gIA==}
    os: [darwin, linux, win32]
    hasBin: true

  chalk@5.3.0:
    resolution: {integrity: sha512-dLitG79d+GV1Nb/VYcCDFivJeK1hiukt9QjRNVOsUtTy1rR1YJsmpGGTZ3qJos+uw7WmWF4wUwBd9jxjocFC2w==}
    engines: {node: ^12.17.0 || ^14.13 || >=16.0.0}

  undici-types@5.26.5:
    resolution: {integrity: sha512-JlCMO+ehdEIKqlFxk6IfVoAUVmgz7cU7zD/h9XZ0qzeosSHmUJVOzSQvvYSYWXkFXC+IfLKSIffhv0sVZup6pA==}

snapshots:

  '@oven/bun-darwin-aarch64@1.1.20':
    optional: true

  '@oven/bun-darwin-x64-baseline@1.1.20':
    optional: true

  '@oven/bun-darwin-x64@1.1.20':
    optional: true

  '@oven/bun-linux-aarch64@1.1.20':
    optional: true

  '@oven/bun-linux-x64-baseline@1.1.20':
    optional: true

  '@oven/bun-linux-x64@1.1.20':
    optional: true

  '@oven/bun-windows-x64-baseline@1.1.20':
    optional: true

  '@oven/bun-windows-x64@1.1.20':
    optional: true

  '@types/node@20.14.11':
    dependencies:
      undici-types: 5.26.5

  bun@1.1.20:
    optionalDependencies:
      '@oven/bun-darwin-aarch64': 1.1.20
      '@oven/bun-darwin-x64': 1.1.20
      '@oven/bun-darwin-x64-baseline': 1.1.20
      '@oven/bun-linux-aarch64': 1.1.20
      '@oven/bun-linux-x64': 1.1.20
      '@oven/bun-linux-x64-baseline': 1.1.20
      '@oven/bun-windows-x64': 1.1.20
      '@oven/bun-windows-x64-baseline': 1.1.20

  chalk@5.3.0: {}

  undici-types@5.26.5: {}
